
Microsoft Visual Studio Solution File, Format Version 12.00
# Visual Studio Version 17
VisualStudioVersion = 17.5.33530.505
MinimumVisualStudioVersion = 10.0.40219.1
Project("{FAE04EC0-301F-11D3-BF4B-00C04F79EFBC}") = "Robber Shootout", "Robber Shootout\Robber Shootout.csproj", "{5763CEFC-C898-4746-BF5D-1AA1B8980565}"
EndProject
Global
	GlobalSection(SolutionConfigurationPlatforms) = preSolution
		Debug|Any CPU = Debug|Any CPU
		Release|Any CPU = Release|Any CPU
	EndGlobalSection
	GlobalSection(ProjectConfigurationPlatforms) = postSolution
		{5763CEFC-C898-4746-BF5D-1AA1B8980565}.Debug|Any CPU.ActiveCfg = Debug|Any CPU
		{5763CEFC-C898-4746-BF5D-1AA1B8980565}.Debug|Any CPU.Build.0 = Debug|Any CPU
		{5763CEFC-C898-4746-BF5D-1AA1B8980565}.Release|Any CPU.ActiveCfg = Release|Any CPU
		{5763CEFC-C898-4746-BF5D-1AA1B8980565}.Release|Any CPU.Build.0 = Release|Any CPU
	EndGlobalSection
	GlobalSection(SolutionProperties) = preSolution
		HideSolutionNode = FALSE
	EndGlobalSection
	GlobalSection(ExtensibilityGlobals) = postSolution
		SolutionGuid = {125E3F14-0F9E-4152-A67E-8F3B782DE197}
	EndGlobalSection
EndGlobal
