
Microsoft Visual Studio Solution File, Format Version 12.00
# Visual Studio Version 17
VisualStudioVersion = 17.5.33530.505
MinimumVisualStudioVersion = 10.0.40219.1
Project("{FAE04EC0-301F-11D3-BF4B-00C04F79EFBC}") = "Bank_Details", "Bank_Details\Bank_Details.csproj", "{C77187DF-6C12-4AC4-87DA-82BFA59C6FC8}"
EndProject
Global
	GlobalSection(SolutionConfigurationPlatforms) = preSolution
		Debug|Any CPU = Debug|Any CPU
		Release|Any CPU = Release|Any CPU
	EndGlobalSection
	GlobalSection(ProjectConfigurationPlatforms) = postSolution
		{C77187DF-6C12-4AC4-87DA-82BFA59C6FC8}.Debug|Any CPU.ActiveCfg = Debug|Any CPU
		{C77187DF-6C12-4AC4-87DA-82BFA59C6FC8}.Debug|Any CPU.Build.0 = Debug|Any CPU
		{C77187DF-6C12-4AC4-87DA-82BFA59C6FC8}.Release|Any CPU.ActiveCfg = Release|Any CPU
		{C77187DF-6C12-4AC4-87DA-82BFA59C6FC8}.Release|Any CPU.Build.0 = Release|Any CPU
	EndGlobalSection
	GlobalSection(SolutionProperties) = preSolution
		HideSolutionNode = FALSE
	EndGlobalSection
	GlobalSection(ExtensibilityGlobals) = postSolution
		SolutionGuid = {3171D0DB-6EFF-45C8-A0D2-AF790F1583CB}
	EndGlobalSection
EndGlobal
